// !$*UTF8*$!
{
	archiveVersion = 1;
	classes = {
	};
	objectVersion = 46;
	objects = {

/* Begin PBXBuildFile section */
		24C1FB601591136D008775E9 /* UIKit.framework in Frameworks */ = {isa = PBXBuildFile; fileRef = 24C1FB5F1591136D008775E9 /* UIKit.framework */; };
		24C1FB621591136D008775E9 /* Foundation.framework in Frameworks */ = {isa = PBXBuildFile; fileRef = 24C1FB611591136D008775E9 /* Foundation.framework */; };
		24C1FB641591136D008775E9 /* CoreGraphics.framework in Frameworks */ = {isa = PBXBuildFile; fileRef = 24C1FB631591136D008775E9 /* CoreGraphics.framework */; };
		24C1FB6A1591136D008775E9 /* InfoPlist.strings in Resources */ = {isa = PBXBuildFile; fileRef = 24C1FB681591136D008775E9 /* InfoPlist.strings */; };
		24C1FB6C1591136D008775E9 /* main.m in Sources */ = {isa = PBXBuildFile; fileRef = 24C1FB6B1591136D008775E9 /* main.m */; };
		24C1FB701591136D008775E9 /* AppDelegate.m in Sources */ = {isa = PBXBuildFile; fileRef = 24C1FB6F1591136D008775E9 /* AppDelegate.m */; };
		24C1FB731591136D008775E9 /* MainStoryboard_iPhone.storyboard in Resources */ = {isa = PBXBuildFile; fileRef = 24C1FB711591136D008775E9 /* MainStoryboard_iPhone.storyboard */; };
		24C1FB761591136D008775E9 /* MainStoryboard_iPad.storyboard in Resources */ = {isa = PBXBuildFile; fileRef = 24C1FB741591136D008775E9 /* MainStoryboard_iPad.storyboard */; };
		24C1FB791591136D008775E9 /* ViewController.m in Sources */ = {isa = PBXBuildFile; fileRef = 24C1FB781591136D008775E9 /* ViewController.m */; };
/* End PBXBuildFile section */

/* Begin PBXFileReference section */
		24347A4215A9D718000BB9F8 /* Instabus.sqlite */ = {isa = PBXFileReference; lastKnownFileType = file; path = Instabus.sqlite; sourceTree = "<group>"; };
		24C1FB5B1591136D008775E9 /* OfferMaker.app */ = {isa = PBXFileReference; explicitFileType = wrapper.application; includeInIndex = 0; path = OfferMaker.app; sourceTree = BUILT_PRODUCTS_DIR; };
		24C1FB5F1591136D008775E9 /* UIKit.framework */ = {isa = PBXFileReference; lastKnownFileType = wrapper.framework; name = UIKit.framework; path = System/Library/Frameworks/UIKit.framework; sourceTree = SDKROOT; };
		24C1FB611591136D008775E9 /* Foundation.framework */ = {isa = PBXFileReference; lastKnownFileType = wrapper.framework; name = Foundation.framework; path = System/Library/Frameworks/Foundation.framework; sourceTree = SDKROOT; };
		24C1FB631591136D008775E9 /* CoreGraphics.framework */ = {isa = PBXFileReference; lastKnownFileType = wrapper.framework; name = CoreGraphics.framework; path = System/Library/Frameworks/CoreGraphics.framework; sourceTree = SDKROOT; };
		24C1FB671591136D008775E9 /* OfferMaker-Info.plist */ = {isa = PBXFileReference; lastKnownFileType = text.plist.xml; path = "OfferMaker-Info.plist"; sourceTree = "<group>"; };
		24C1FB691591136D008775E9 /* en */ = {isa = PBXFileReference; lastKnownFileType = text.plist.strings; name = en; path = en.lproj/InfoPlist.strings; sourceTree = "<group>"; };
		24C1FB6B1591136D008775E9 /* main.m */ = {isa = PBXFileReference; lastKnownFileType = sourcecode.c.objc; path = main.m; sourceTree = "<group>"; };
		24C1FB6D1591136D008775E9 /* OfferMaker-Prefix.pch */ = {isa = PBXFileReference; lastKnownFileType = sourcecode.c.h; path = "OfferMaker-Prefix.pch"; sourceTree = "<group>"; };
		24C1FB6E1591136D008775E9 /* AppDelegate.h */ = {isa = PBXFileReference; lastKnownFileType = sourcecode.c.h; path = AppDelegate.h; sourceTree = "<group>"; };
		24C1FB6F1591136D008775E9 /* AppDelegate.m */ = {isa = PBXFileReference; lastKnownFileType = sourcecode.c.objc; path = AppDelegate.m; sourceTree = "<group>"; };
		24C1FB721591136D008775E9 /* en */ = {isa = PBXFileReference; lastKnownFileType = file.storyboard; name = en; path = en.lproj/MainStoryboard_iPhone.storyboard; sourceTree = "<group>"; };
		24C1FB751591136D008775E9 /* en */ = {isa = PBXFileReference; lastKnownFileType = file.storyboard; name = en; path = en.lproj/MainStoryboard_iPad.storyboard; sourceTree = "<group>"; };
		24C1FB771591136D008775E9 /* ViewController.h */ = {isa = PBXFileReference; lastKnownFileType = sourcecode.c.h; path = ViewController.h; sourceTree = "<group>"; };
		24C1FB781591136D008775E9 /* ViewController.m */ = {isa = PBXFileReference; lastKnownFileType = sourcecode.c.objc; path = ViewController.m; sourceTree = "<group>"; };
/* End PBXFileReference section */

/* Begin PBXFrameworksBuildPhase section */
		24C1FB581591136D008775E9 /* Frameworks */ = {
			isa = PBXFrameworksBuildPhase;
			buildActionMask = 2147483647;
			files = (
				24C1FB601591136D008775E9 /* UIKit.framework in Frameworks */,
				24C1FB621591136D008775E9 /* Foundation.framework in Frameworks */,
				24C1FB641591136D008775E9 /* CoreGraphics.framework in Frameworks */,
			);
			runOnlyForDeploymentPostprocessing = 0;
		};
/* End PBXFrameworksBuildPhase section */

/* Begin PBXGroup section */
		24347A4015A9D67E000BB9F8 /* Resources */ = {
			isa = PBXGroup;
			children = (
				24347A4215A9D718000BB9F8 /* Instabus.sqlite */,
			);
			name = Resources;
			sourceTree = "<group>";
		};
		24C1FB501591136D008775E9 = {
			isa = PBXGroup;
			children = (
				24C1FB651591136D008775E9 /* OfferMaker */,
				24C1FB5E1591136D008775E9 /* Frameworks */,
				24C1FB5C1591136D008775E9 /* Products */,
			);
			sourceTree = "<group>";
		};
		24C1FB5C1591136D008775E9 /* Products */ = {
			isa = PBXGroup;
			children = (
				24C1FB5B1591136D008775E9 /* OfferMaker.app */,
			);
			name = Products;
			sourceTree = "<group>";
		};
		24C1FB5E1591136D008775E9 /* Frameworks */ = {
			isa = PBXGroup;
			children = (
				24C1FB5F1591136D008775E9 /* UIKit.framework */,
				24C1FB611591136D008775E9 /* Foundation.framework */,
				24C1FB631591136D008775E9 /* CoreGraphics.framework */,
			);
			name = Frameworks;
			sourceTree = "<group>";
		};
		24C1FB651591136D008775E9 /* OfferMaker */ = {
			isa = PBXGroup;
			children = (
				24C1FB6E1591136D008775E9 /* AppDelegate.h */,
				24C1FB6F1591136D008775E9 /* AppDelegate.m */,
				24C1FB711591136D008775E9 /* MainStoryboard_iPhone.storyboard */,
				24C1FB741591136D008775E9 /* MainStoryboard_iPad.storyboard */,
				24C1FB771591136D008775E9 /* ViewController.h */,
				24C1FB781591136D008775E9 /* ViewController.m */,
				24347A4015A9D67E000BB9F8 /* Resources */,
				24C1FB661591136D008775E9 /* Supporting Files */,
			);
			path = OfferMaker;
			sourceTree = "<group>";
		};
		24C1FB661591136D008775E9 /* Supporting Files */ = {
			isa = PBXGroup;
			children = (
				24C1FB671591136D008775E9 /* OfferMaker-Info.plist */,
				24C1FB681591136D008775E9 /* InfoPlist.strings */,
				24C1FB6B1591136D008775E9 /* main.m */,
				24C1FB6D1591136D008775E9 /* OfferMaker-Prefix.pch */,
			);
			name = "Supporting Files";
			sourceTree = "<group>";
		};
/* End PBXGroup section */

/* Begin PBXNativeTarget section */
		24C1FB5A1591136D008775E9 /* OfferMaker */ = {
			isa = PBXNativeTarget;
			buildConfigurationList = 24C1FB7C1591136D008775E9 /* Build configuration list for PBXNativeTarget "OfferMaker" */;
			buildPhases = (
				24C1FB571591136D008775E9 /* Sources */,
				24C1FB581591136D008775E9 /* Frameworks */,
				24C1FB591591136D008775E9 /* Resources */,
			);
			buildRules = (
			);
			dependencies = (
			);
			name = OfferMaker;
			productName = OfferMaker;
			productReference = 24C1FB5B1591136D008775E9 /* OfferMaker.app */;
			productType = "com.apple.product-type.application";
		};
/* End PBXNativeTarget section */

/* Begin PBXProject section */
		24C1FB521591136D008775E9 /* Project object */ = {
			isa = PBXProject;
			attributes = {
				LastUpgradeCheck = 0430;
			};
			buildConfigurationList = 24C1FB551591136D008775E9 /* Build configuration list for PBXProject "OfferMaker" */;
			compatibilityVersion = "Xcode 3.2";
			developmentRegion = English;
			hasScannedForEncodings = 0;
			knownRegions = (
				en,
			);
			mainGroup = 24C1FB501591136D008775E9;
			productRefGroup = 24C1FB5C1591136D008775E9 /* Products */;
			projectDirPath = "";
			projectRoot = "";
			targets = (
				24C1FB5A1591136D008775E9 /* OfferMaker */,
			);
		};
/* End PBXProject section */

/* Begin PBXResourcesBuildPhase section */
		24C1FB591591136D008775E9 /* Resources */ = {
			isa = PBXResourcesBuildPhase;
			buildActionMask = 2147483647;
			files = (
				24C1FB6A1591136D008775E9 /* InfoPlist.strings in Resources */,
				24C1FB731591136D008775E9 /* MainStoryboard_iPhone.storyboard in Resources */,
				24C1FB761591136D008775E9 /* MainStoryboard_iPad.storyboard in Resources */,
			);
			runOnlyForDeploymentPostprocessing = 0;
		};
/* End PBXResourcesBuildPhase section */

/* Begin PBXSourcesBuildPhase section */
		24C1FB571591136D008775E9 /* Sources */ = {
			isa = PBXSourcesBuildPhase;
			buildActionMask = 2147483647;
			files = (
				24C1FB6C1591136D008775E9 /* main.m in Sources */,
				24C1FB701591136D008775E9 /* AppDelegate.m in Sources */,
				24C1FB791591136D008775E9 /* ViewController.m in Sources */,
			);
			runOnlyForDeploymentPostprocessing = 0;
		};
/* End PBXSourcesBuildPhase section */

/* Begin PBXVariantGroup section */
		24C1FB681591136D008775E9 /* InfoPlist.strings */ = {
			isa = PBXVariantGroup;
			children = (
				24C1FB691591136D008775E9 /* en */,
			);
			name = InfoPlist.strings;
			sourceTree = "<group>";
		};
		24C1FB711591136D008775E9 /* MainStoryboard_iPhone.storyboard */ = {
			isa = PBXVariantGroup;
			children = (
				24C1FB721591136D008775E9 /* en */,
			);
			name = MainStoryboard_iPhone.storyboard;
			sourceTree = "<group>";
		};
		24C1FB741591136D008775E9 /* MainStoryboard_iPad.storyboard */ = {
			isa = PBXVariantGroup;
			children = (
				24C1FB751591136D008775E9 /* en */,
			);
			name = MainStoryboard_iPad.storyboard;
			sourceTree = "<group>";
		};
/* End PBXVariantGroup section */

/* Begin XCBuildConfiguration section */
		24C1FB7A1591136D008775E9 /* Debug */ = {
			isa = XCBuildConfiguration;
			buildSettings = {
				ALWAYS_SEARCH_USER_PATHS = NO;
				ARCHS = "$(ARCHS_STANDARD_32_BIT)";
				CLANG_ENABLE_OBJC_ARC = YES;
				"CODE_SIGN_IDENTITY[sdk=iphoneos*]" = "iPhone Developer";
				COPY_PHASE_STRIP = NO;
				GCC_C_LANGUAGE_STANDARD = gnu99;
				GCC_DYNAMIC_NO_PIC = NO;
				GCC_OPTIMIZATION_LEVEL = 0;
				GCC_PREPROCESSOR_DEFINITIONS = (
					"DEBUG=1",
					"$(inherited)",
				);
				GCC_SYMBOLS_PRIVATE_EXTERN = NO;
				GCC_VERSION = com.apple.compilers.llvm.clang.1_0;
				GCC_WARN_ABOUT_RETURN_TYPE = YES;
				GCC_WARN_UNINITIALIZED_AUTOS = YES;
				GCC_WARN_UNUSED_VARIABLE = YES;
				IPHONEOS_DEPLOYMENT_TARGET = 5.1;
				SDKROOT = iphoneos;
				TARGETED_DEVICE_FAMILY = "1,2";
			};
			name = Debug;
		};
		24C1FB7B1591136D008775E9 /* Release */ = {
			isa = XCBuildConfiguration;
			buildSettings = {
				ALWAYS_SEARCH_USER_PATHS = NO;
				ARCHS = "$(ARCHS_STANDARD_32_BIT)";
				CLANG_ENABLE_OBJC_ARC = YES;
				"CODE_SIGN_IDENTITY[sdk=iphoneos*]" = "iPhone Developer";
				COPY_PHASE_STRIP = YES;
				GCC_C_LANGUAGE_STANDARD = gnu99;
				GCC_VERSION = com.apple.compilers.llvm.clang.1_0;
				GCC_WARN_ABOUT_RETURN_TYPE = YES;
				GCC_WARN_UNINITIALIZED_AUTOS = YES;
				GCC_WARN_UNUSED_VARIABLE = YES;
				IPHONEOS_DEPLOYMENT_TARGET = 5.1;
				OTHER_CFLAGS = "-DNS_BLOCK_ASSERTIONS=1";
				SDKROOT = iphoneos;
				TARGETED_DEVICE_FAMILY = "1,2";
				VALIDATE_PRODUCT = YES;
			};
			name = Release;
		};
		24C1FB7D1591136D008775E9 /* Debug */ = {
			isa = XCBuildConfiguration;
			buildSettings = {
				GCC_PRECOMPILE_PREFIX_HEADER = YES;
				GCC_PREFIX_HEADER = "OfferMaker/OfferMaker-Prefix.pch";
				INFOPLIST_FILE = "OfferMaker/OfferMaker-Info.plist";
				PRODUCT_NAME = "$(TARGET_NAME)";
				WRAPPER_EXTENSION = app;
			};
			name = Debug;
		};
		24C1FB7E1591136D008775E9 /* Release */ = {
			isa = XCBuildConfiguration;
			buildSettings = {
				GCC_PRECOMPILE_PREFIX_HEADER = YES;
				GCC_PREFIX_HEADER = "OfferMaker/OfferMaker-Prefix.pch";
				INFOPLIST_FILE = "OfferMaker/OfferMaker-Info.plist";
				PRODUCT_NAME = "$(TARGET_NAME)";
				WRAPPER_EXTENSION = app;
			};
			name = Release;
		};
/* End XCBuildConfiguration section */

/* Begin XCConfigurationList section */
		24C1FB551591136D008775E9 /* Build configuration list for PBXProject "OfferMaker" */ = {
			isa = XCConfigurationList;
			buildConfigurations = (
				24C1FB7A1591136D008775E9 /* Debug */,
				24C1FB7B1591136D008775E9 /* Release */,
			);
			defaultConfigurationIsVisible = 0;
			defaultConfigurationName = Release;
		};
		24C1FB7C1591136D008775E9 /* Build configuration list for PBXNativeTarget "OfferMaker" */ = {
			isa = XCConfigurationList;
			buildConfigurations = (
				24C1FB7D1591136D008775E9 /* Debug */,
				24C1FB7E1591136D008775E9 /* Release */,
			);
			defaultConfigurationIsVisible = 0;
			defaultConfigurationName = Release;
		};
/* End XCConfigurationList section */
	};
	rootObject = 24C1FB521591136D008775E9 /* Project object */;
}
